
Microsoft Visual Studio Solution File, Format Version 12.00
# Visual Studio Version 17
VisualStudioVersion = 17.2.32516.85
MinimumVisualStudioVersion = 10.0.40219.1
Project("{FAE04EC0-301F-11D3-BF4B-00C04F79EFBC}") = "wth", "wth\wth.csproj", "{D72B728D-E7B4-491A-8D77-CE9D3BE27CF3}"
EndProject
Global
	GlobalSection(SolutionConfigurationPlatforms) = preSolution
		Debug|Any CPU = Debug|Any CPU
		Release|Any CPU = Release|Any CPU
	EndGlobalSection
	GlobalSection(ProjectConfigurationPlatforms) = postSolution
		{D72B728D-E7B4-491A-8D77-CE9D3BE27CF3}.Debug|Any CPU.ActiveCfg = Debug|Any CPU
		{D72B728D-E7B4-491A-8D77-CE9D3BE27CF3}.Debug|Any CPU.Build.0 = Debug|Any CPU
		{D72B728D-E7B4-491A-8D77-CE9D3BE27CF3}.Release|Any CPU.ActiveCfg = Release|Any CPU
		{D72B728D-E7B4-491A-8D77-CE9D3BE27CF3}.Release|Any CPU.Build.0 = Release|Any CPU
	EndGlobalSection
	GlobalSection(SolutionProperties) = preSolution
		HideSolutionNode = FALSE
	EndGlobalSection
	GlobalSection(ExtensibilityGlobals) = postSolution
		SolutionGuid = {0EC344C1-3008-4ADB-AB36-2E372C27A7B0}
	EndGlobalSection
EndGlobal
